
Microsoft Visual Studio Solution File, Format Version 12.00
Project("{2150E333-8FDC-42A3-9474-1A3956D46DE8}") = "src", "src", "{7F7D4740-53CB-4B9F-960C-761CC0ED463B}"
EndProject
Project("{2150E333-8FDC-42A3-9474-1A3956D46DE8}") = "test", "test", "{54D5B683-8338-462B-B162-888467C4701C}"
EndProject
Project("{2150E333-8FDC-42A3-9474-1A3956D46DE8}") = "Library", "Library", "{DDEDE9A3-EDE7-4F3F-872E-A84A5DD60C03}"
EndProject
Project("{2150E333-8FDC-42A3-9474-1A3956D46DE8}") = "Web", "Web", "{7165724E-9328-4BD8-AC6B-A1A979D0E85A}"
EndProject
Project("{FAE04EC0-301F-11D3-BF4B-00C04F79EFBC}") = "GamesGlobal.Application", "src\Library\GamesGlobal.Application\GamesGlobal.Application.csproj", "{4A90542A-E6B3-4F54-B1E7-BA83809F6CAE}"
EndProject
Project("{FAE04EC0-301F-11D3-BF4B-00C04F79EFBC}") = "GamesGlobal.Common", "src\Library\GamesGlobal.Common\GamesGlobal.Common.csproj", "{793594B7-9142-4F37-A274-4FDA0D56C0B9}"
EndProject
Project("{FAE04EC0-301F-11D3-BF4B-00C04F79EFBC}") = "GamesGlobal.Core", "src\Library\GamesGlobal.Core\GamesGlobal.Core.csproj", "{7566AAB1-BE25-4F4B-855B-5626C3515301}"
EndProject
Project("{FAE04EC0-301F-11D3-BF4B-00C04F79EFBC}") = "GamesGlobal.Infrastructure", "src\Library\GamesGlobal.Infrastructure\GamesGlobal.Infrastructure.csproj", "{B4FC9194-661D-4C4A-8191-6AE0D7F9A481}"
EndProject
Project("{FAE04EC0-301F-11D3-BF4B-00C04F79EFBC}") = "GamesGlobal.IntegrationTest", "test\GamesGlobal.IntegrationTest\GamesGlobal.IntegrationTest.csproj", "{F70F2A83-F0BF-48CC-9DE6-EB57222C5896}"
EndProject
Project("{FAE04EC0-301F-11D3-BF4B-00C04F79EFBC}") = "GamesGlobal.UnitTest", "test\GamesGlobal.UnitTest\GamesGlobal.UnitTest.csproj", "{B24C2879-84E3-4450-A45E-7E28A6E2BC1A}"
EndProject
Project("{FAE04EC0-301F-11D3-BF4B-00C04F79EFBC}") = "GamesGlobal.Enum", "src\Library\GamesGlobal.Enum\GamesGlobal.Enum.csproj", "{B733B389-25EC-4F39-8D21-2AEB2B5E579D}"
EndProject
Project("{FAE04EC0-301F-11D3-BF4B-00C04F79EFBC}") = "GamesGlobal.Web.Infrastructure", "src\Web\GamesGlobal.Web.Infrastructure\GamesGlobal.Web.Infrastructure.csproj", "{CFCD2A03-EDD6-49F6-A764-4202AF17C95E}"
EndProject
Project("{FAE04EC0-301F-11D3-BF4B-00C04F79EFBC}") = "GamesGlobal.Web.Api", "src\Web\GamesGlobal.Web.Api\GamesGlobal.Web.Api.csproj", "{A69CB66B-3A1D-4B1E-8A32-A16242DD3155}"
EndProject
Project("{FAE04EC0-301F-11D3-BF4B-00C04F79EFBC}") = "GamesGlobal.Test.Shared", "test\GamesGlobal.Test.Shared\GamesGlobal.Test.Shared.csproj", "{51F1AA48-A472-40B7-A3D1-99B533DE088E}"
EndProject
Global
	GlobalSection(SolutionConfigurationPlatforms) = preSolution
		Debug|Any CPU = Debug|Any CPU
		Release|Any CPU = Release|Any CPU
	EndGlobalSection
	GlobalSection(ProjectConfigurationPlatforms) = postSolution
		{4A90542A-E6B3-4F54-B1E7-BA83809F6CAE}.Debug|Any CPU.ActiveCfg = Debug|Any CPU
		{4A90542A-E6B3-4F54-B1E7-BA83809F6CAE}.Debug|Any CPU.Build.0 = Debug|Any CPU
		{4A90542A-E6B3-4F54-B1E7-BA83809F6CAE}.Release|Any CPU.ActiveCfg = Release|Any CPU
		{4A90542A-E6B3-4F54-B1E7-BA83809F6CAE}.Release|Any CPU.Build.0 = Release|Any CPU
		{793594B7-9142-4F37-A274-4FDA0D56C0B9}.Debug|Any CPU.ActiveCfg = Debug|Any CPU
		{793594B7-9142-4F37-A274-4FDA0D56C0B9}.Debug|Any CPU.Build.0 = Debug|Any CPU
		{793594B7-9142-4F37-A274-4FDA0D56C0B9}.Release|Any CPU.ActiveCfg = Release|Any CPU
		{793594B7-9142-4F37-A274-4FDA0D56C0B9}.Release|Any CPU.Build.0 = Release|Any CPU
		{7566AAB1-BE25-4F4B-855B-5626C3515301}.Debug|Any CPU.ActiveCfg = Debug|Any CPU
		{7566AAB1-BE25-4F4B-855B-5626C3515301}.Debug|Any CPU.Build.0 = Debug|Any CPU
		{7566AAB1-BE25-4F4B-855B-5626C3515301}.Release|Any CPU.ActiveCfg = Release|Any CPU
		{7566AAB1-BE25-4F4B-855B-5626C3515301}.Release|Any CPU.Build.0 = Release|Any CPU
		{B4FC9194-661D-4C4A-8191-6AE0D7F9A481}.Debug|Any CPU.ActiveCfg = Debug|Any CPU
		{B4FC9194-661D-4C4A-8191-6AE0D7F9A481}.Debug|Any CPU.Build.0 = Debug|Any CPU
		{B4FC9194-661D-4C4A-8191-6AE0D7F9A481}.Release|Any CPU.ActiveCfg = Release|Any CPU
		{B4FC9194-661D-4C4A-8191-6AE0D7F9A481}.Release|Any CPU.Build.0 = Release|Any CPU
		{F70F2A83-F0BF-48CC-9DE6-EB57222C5896}.Debug|Any CPU.ActiveCfg = Debug|Any CPU
		{F70F2A83-F0BF-48CC-9DE6-EB57222C5896}.Debug|Any CPU.Build.0 = Debug|Any CPU
		{F70F2A83-F0BF-48CC-9DE6-EB57222C5896}.Release|Any CPU.ActiveCfg = Release|Any CPU
		{F70F2A83-F0BF-48CC-9DE6-EB57222C5896}.Release|Any CPU.Build.0 = Release|Any CPU
		{B24C2879-84E3-4450-A45E-7E28A6E2BC1A}.Debug|Any CPU.ActiveCfg = Debug|Any CPU
		{B24C2879-84E3-4450-A45E-7E28A6E2BC1A}.Debug|Any CPU.Build.0 = Debug|Any CPU
		{B24C2879-84E3-4450-A45E-7E28A6E2BC1A}.Release|Any CPU.ActiveCfg = Release|Any CPU
		{B24C2879-84E3-4450-A45E-7E28A6E2BC1A}.Release|Any CPU.Build.0 = Release|Any CPU
		{B733B389-25EC-4F39-8D21-2AEB2B5E579D}.Debug|Any CPU.ActiveCfg = Debug|Any CPU
		{B733B389-25EC-4F39-8D21-2AEB2B5E579D}.Debug|Any CPU.Build.0 = Debug|Any CPU
		{B733B389-25EC-4F39-8D21-2AEB2B5E579D}.Release|Any CPU.ActiveCfg = Release|Any CPU
		{B733B389-25EC-4F39-8D21-2AEB2B5E579D}.Release|Any CPU.Build.0 = Release|Any CPU
		{CFCD2A03-EDD6-49F6-A764-4202AF17C95E}.Debug|Any CPU.ActiveCfg = Debug|Any CPU
		{CFCD2A03-EDD6-49F6-A764-4202AF17C95E}.Debug|Any CPU.Build.0 = Debug|Any CPU
		{CFCD2A03-EDD6-49F6-A764-4202AF17C95E}.Release|Any CPU.ActiveCfg = Release|Any CPU
		{CFCD2A03-EDD6-49F6-A764-4202AF17C95E}.Release|Any CPU.Build.0 = Release|Any CPU
		{A69CB66B-3A1D-4B1E-8A32-A16242DD3155}.Debug|Any CPU.ActiveCfg = Debug|Any CPU
		{A69CB66B-3A1D-4B1E-8A32-A16242DD3155}.Debug|Any CPU.Build.0 = Debug|Any CPU
		{A69CB66B-3A1D-4B1E-8A32-A16242DD3155}.Release|Any CPU.ActiveCfg = Release|Any CPU
		{A69CB66B-3A1D-4B1E-8A32-A16242DD3155}.Release|Any CPU.Build.0 = Release|Any CPU
		{51F1AA48-A472-40B7-A3D1-99B533DE088E}.Debug|Any CPU.ActiveCfg = Debug|Any CPU
		{51F1AA48-A472-40B7-A3D1-99B533DE088E}.Debug|Any CPU.Build.0 = Debug|Any CPU
		{51F1AA48-A472-40B7-A3D1-99B533DE088E}.Release|Any CPU.ActiveCfg = Release|Any CPU
		{51F1AA48-A472-40B7-A3D1-99B533DE088E}.Release|Any CPU.Build.0 = Release|Any CPU
	EndGlobalSection
	GlobalSection(NestedProjects) = preSolution
		{DDEDE9A3-EDE7-4F3F-872E-A84A5DD60C03} = {7F7D4740-53CB-4B9F-960C-761CC0ED463B}
		{7165724E-9328-4BD8-AC6B-A1A979D0E85A} = {7F7D4740-53CB-4B9F-960C-761CC0ED463B}
		{4A90542A-E6B3-4F54-B1E7-BA83809F6CAE} = {DDEDE9A3-EDE7-4F3F-872E-A84A5DD60C03}
		{793594B7-9142-4F37-A274-4FDA0D56C0B9} = {DDEDE9A3-EDE7-4F3F-872E-A84A5DD60C03}
		{7566AAB1-BE25-4F4B-855B-5626C3515301} = {DDEDE9A3-EDE7-4F3F-872E-A84A5DD60C03}
		{B4FC9194-661D-4C4A-8191-6AE0D7F9A481} = {DDEDE9A3-EDE7-4F3F-872E-A84A5DD60C03}
		{F70F2A83-F0BF-48CC-9DE6-EB57222C5896} = {54D5B683-8338-462B-B162-888467C4701C}
		{B24C2879-84E3-4450-A45E-7E28A6E2BC1A} = {54D5B683-8338-462B-B162-888467C4701C}
		{B733B389-25EC-4F39-8D21-2AEB2B5E579D} = {DDEDE9A3-EDE7-4F3F-872E-A84A5DD60C03}
		{CFCD2A03-EDD6-49F6-A764-4202AF17C95E} = {7165724E-9328-4BD8-AC6B-A1A979D0E85A}
		{A69CB66B-3A1D-4B1E-8A32-A16242DD3155} = {7165724E-9328-4BD8-AC6B-A1A979D0E85A}
		{51F1AA48-A472-40B7-A3D1-99B533DE088E} = {54D5B683-8338-462B-B162-888467C4701C}
	EndGlobalSection
EndGlobal
